
Microsoft Visual Studio Solution File, Format Version 12.00
# Visual Studio Version 17
VisualStudioVersion = 17.1.32210.238
MinimumVisualStudioVersion = 10.0.40219.1
Project("{9A19103F-16F7-4668-BE54-9A1E7A4F7556}") = "Cyjb", "Cyjb\Cyjb.csproj", "{9F2C4D8E-EDBB-4074-85DD-204C2F0157D0}"
EndProject
Project("{9A19103F-16F7-4668-BE54-9A1E7A4F7556}") = "TestCyjb", "TestCyjb\TestCyjb.csproj", "{8BB1F787-D029-4E8B-8D3A-83EE950E3E97}"
EndProject
Project("{2150E333-8FDC-42A3-9474-1A3956D46DE8}") = "Solution Items", "Solution Items", "{EEDBC819-334A-45DB-AAEF-0FB7C148B684}"
	ProjectSection(SolutionItems) = preProject
		.editorconfig = .editorconfig
	EndProjectSection
EndProject
Project("{9A19103F-16F7-4668-BE54-9A1E7A4F7556}") = "Cyjb.Test", "Cyjb.Test\Cyjb.Test.csproj", "{881298FA-59BB-4613-A2FB-2F917F7C9154}"
EndProject
Project("{9A19103F-16F7-4668-BE54-9A1E7A4F7556}") = "Benchmark", "Benchmark\Benchmark.csproj", "{E7D55886-2839-4589-9591-08C0CC61EE31}"
EndProject
Global
	GlobalSection(SolutionConfigurationPlatforms) = preSolution
		Debug|Any CPU = Debug|Any CPU
		Release|Any CPU = Release|Any CPU
	EndGlobalSection
	GlobalSection(ProjectConfigurationPlatforms) = postSolution
		{9F2C4D8E-EDBB-4074-85DD-204C2F0157D0}.Debug|Any CPU.ActiveCfg = Debug|Any CPU
		{9F2C4D8E-EDBB-4074-85DD-204C2F0157D0}.Debug|Any CPU.Build.0 = Debug|Any CPU
		{9F2C4D8E-EDBB-4074-85DD-204C2F0157D0}.Release|Any CPU.ActiveCfg = Release|Any CPU
		{9F2C4D8E-EDBB-4074-85DD-204C2F0157D0}.Release|Any CPU.Build.0 = Release|Any CPU
		{8BB1F787-D029-4E8B-8D3A-83EE950E3E97}.Debug|Any CPU.ActiveCfg = Debug|Any CPU
		{8BB1F787-D029-4E8B-8D3A-83EE950E3E97}.Debug|Any CPU.Build.0 = Debug|Any CPU
		{8BB1F787-D029-4E8B-8D3A-83EE950E3E97}.Release|Any CPU.ActiveCfg = Release|Any CPU
		{8BB1F787-D029-4E8B-8D3A-83EE950E3E97}.Release|Any CPU.Build.0 = Release|Any CPU
		{881298FA-59BB-4613-A2FB-2F917F7C9154}.Debug|Any CPU.ActiveCfg = Debug|Any CPU
		{881298FA-59BB-4613-A2FB-2F917F7C9154}.Debug|Any CPU.Build.0 = Debug|Any CPU
		{881298FA-59BB-4613-A2FB-2F917F7C9154}.Release|Any CPU.ActiveCfg = Release|Any CPU
		{881298FA-59BB-4613-A2FB-2F917F7C9154}.Release|Any CPU.Build.0 = Release|Any CPU
		{E7D55886-2839-4589-9591-08C0CC61EE31}.Debug|Any CPU.ActiveCfg = Debug|Any CPU
		{E7D55886-2839-4589-9591-08C0CC61EE31}.Debug|Any CPU.Build.0 = Debug|Any CPU
		{E7D55886-2839-4589-9591-08C0CC61EE31}.Release|Any CPU.ActiveCfg = Release|Any CPU
		{E7D55886-2839-4589-9591-08C0CC61EE31}.Release|Any CPU.Build.0 = Release|Any CPU
	EndGlobalSection
	GlobalSection(SolutionProperties) = preSolution
		HideSolutionNode = FALSE
	EndGlobalSection
	GlobalSection(ExtensibilityGlobals) = postSolution
		SolutionGuid = {8B8D7C93-E8CA-4EEF-B972-25D10F056271}
	EndGlobalSection
EndGlobal
